
Microsoft Visual Studio Solution File, Format Version 12.00
# Visual Studio 14
VisualStudioVersion = 14.0.25420.1
MinimumVisualStudioVersion = 10.0.40219.1
Project("{FAE04EC0-301F-11D3-BF4B-00C04F79EFBC}") = "WindowsBoard", "WindowsBoard\WindowsBoard.csproj", "{DDFD2429-B45E-455C-9F58-F1364F917EFD}"
EndProject
Global
	GlobalSection(SolutionConfigurationPlatforms) = preSolution
		Debug|Any CPU = Debug|Any CPU
		Release|Any CPU = Release|Any CPU
	EndGlobalSection
	GlobalSection(ProjectConfigurationPlatforms) = postSolution
		{DDFD2429-B45E-455C-9F58-F1364F917EFD}.Debug|Any CPU.ActiveCfg = Debug|Any CPU
		{DDFD2429-B45E-455C-9F58-F1364F917EFD}.Debug|Any CPU.Build.0 = Debug|Any CPU
		{DDFD2429-B45E-455C-9F58-F1364F917EFD}.Release|Any CPU.ActiveCfg = Release|Any CPU
		{DDFD2429-B45E-455C-9F58-F1364F917EFD}.Release|Any CPU.Build.0 = Release|Any CPU
	EndGlobalSection
	GlobalSection(SolutionProperties) = preSolution
		HideSolutionNode = FALSE
	EndGlobalSection
	GlobalSection(ExtensibilityGlobals) = postSolution
		SolutionGuid = {A3AFDB85-00BC-470E-8A37-92E623AF226F}
	EndGlobalSection
EndGlobal
